
Microsoft Visual Studio Solution File, Format Version 12.00
# Visual Studio Version 17
VisualStudioVersion = 17.0.31903.59
MinimumVisualStudioVersion = 10.0.40219.1
Project("{FAE04EC0-301F-11D3-BF4B-00C04F79EFBC}") = "coreservice", "coreservice\coreservice.csproj", "{ECF7FAE1-2880-450E-BAE7-DDA85A56B240}"
EndProject
Project("{FAE04EC0-301F-11D3-BF4B-00C04F79EFBC}") = "console-client", "console-client\console-client.csproj", "{DA9CCC33-F37B-4E8C-9607-8B59A643BD10}"
EndProject
Global
	GlobalSection(SolutionConfigurationPlatforms) = preSolution
		Debug|Any CPU = Debug|Any CPU
		Debug|x64 = Debug|x64
		Debug|x86 = Debug|x86
		Release|Any CPU = Release|Any CPU
		Release|x64 = Release|x64
		Release|x86 = Release|x86
	EndGlobalSection
	GlobalSection(ProjectConfigurationPlatforms) = postSolution
		{ECF7FAE1-2880-450E-BAE7-DDA85A56B240}.Debug|Any CPU.ActiveCfg = Debug|Any CPU
		{ECF7FAE1-2880-450E-BAE7-DDA85A56B240}.Debug|Any CPU.Build.0 = Debug|Any CPU
		{ECF7FAE1-2880-450E-BAE7-DDA85A56B240}.Debug|x64.ActiveCfg = Debug|Any CPU
		{ECF7FAE1-2880-450E-BAE7-DDA85A56B240}.Debug|x64.Build.0 = Debug|Any CPU
		{ECF7FAE1-2880-450E-BAE7-DDA85A56B240}.Debug|x86.ActiveCfg = Debug|Any CPU
		{ECF7FAE1-2880-450E-BAE7-DDA85A56B240}.Debug|x86.Build.0 = Debug|Any CPU
		{ECF7FAE1-2880-450E-BAE7-DDA85A56B240}.Release|Any CPU.ActiveCfg = Release|Any CPU
		{ECF7FAE1-2880-450E-BAE7-DDA85A56B240}.Release|Any CPU.Build.0 = Release|Any CPU
		{ECF7FAE1-2880-450E-BAE7-DDA85A56B240}.Release|x64.ActiveCfg = Release|Any CPU
		{ECF7FAE1-2880-450E-BAE7-DDA85A56B240}.Release|x64.Build.0 = Release|Any CPU
		{ECF7FAE1-2880-450E-BAE7-DDA85A56B240}.Release|x86.ActiveCfg = Release|Any CPU
		{ECF7FAE1-2880-450E-BAE7-DDA85A56B240}.Release|x86.Build.0 = Release|Any CPU
		{DA9CCC33-F37B-4E8C-9607-8B59A643BD10}.Debug|Any CPU.ActiveCfg = Debug|Any CPU
		{DA9CCC33-F37B-4E8C-9607-8B59A643BD10}.Debug|Any CPU.Build.0 = Debug|Any CPU
		{DA9CCC33-F37B-4E8C-9607-8B59A643BD10}.Debug|x64.ActiveCfg = Debug|Any CPU
		{DA9CCC33-F37B-4E8C-9607-8B59A643BD10}.Debug|x64.Build.0 = Debug|Any CPU
		{DA9CCC33-F37B-4E8C-9607-8B59A643BD10}.Debug|x86.ActiveCfg = Debug|Any CPU
		{DA9CCC33-F37B-4E8C-9607-8B59A643BD10}.Debug|x86.Build.0 = Debug|Any CPU
		{DA9CCC33-F37B-4E8C-9607-8B59A643BD10}.Release|Any CPU.ActiveCfg = Release|Any CPU
		{DA9CCC33-F37B-4E8C-9607-8B59A643BD10}.Release|Any CPU.Build.0 = Release|Any CPU
		{DA9CCC33-F37B-4E8C-9607-8B59A643BD10}.Release|x64.ActiveCfg = Release|Any CPU
		{DA9CCC33-F37B-4E8C-9607-8B59A643BD10}.Release|x64.Build.0 = Release|Any CPU
		{DA9CCC33-F37B-4E8C-9607-8B59A643BD10}.Release|x86.ActiveCfg = Release|Any CPU
		{DA9CCC33-F37B-4E8C-9607-8B59A643BD10}.Release|x86.Build.0 = Release|Any CPU
	EndGlobalSection
	GlobalSection(SolutionProperties) = preSolution
		HideSolutionNode = FALSE
	EndGlobalSection
EndGlobal
